
Microsoft Visual Studio Solution File, Format Version 12.00
# Visual Studio Version 17
VisualStudioVersion = 17.4.33213.308
MinimumVisualStudioVersion = 10.0.40219.1
Project("{FAE04EC0-301F-11D3-BF4B-00C04F79EFBC}") = "StudentManagementSystem", "StudentManagementSystem\StudentManagementSystem.csproj", "{CA0CF956-046C-4B20-8C5D-C8F3251D8DEF}"
EndProject
Global
	GlobalSection(SolutionConfigurationPlatforms) = preSolution
		Debug|Any CPU = Debug|Any CPU
		Release|Any CPU = Release|Any CPU
	EndGlobalSection
	GlobalSection(ProjectConfigurationPlatforms) = postSolution
		{CA0CF956-046C-4B20-8C5D-C8F3251D8DEF}.Debug|Any CPU.ActiveCfg = Debug|Any CPU
		{CA0CF956-046C-4B20-8C5D-C8F3251D8DEF}.Debug|Any CPU.Build.0 = Debug|Any CPU
		{CA0CF956-046C-4B20-8C5D-C8F3251D8DEF}.Release|Any CPU.ActiveCfg = Release|Any CPU
		{CA0CF956-046C-4B20-8C5D-C8F3251D8DEF}.Release|Any CPU.Build.0 = Release|Any CPU
	EndGlobalSection
	GlobalSection(SolutionProperties) = preSolution
		HideSolutionNode = FALSE
	EndGlobalSection
	GlobalSection(ExtensibilityGlobals) = postSolution
		SolutionGuid = {F9DF1311-31EB-4851-A1F9-C72EF259CE6C}
	EndGlobalSection
EndGlobal
