
Microsoft Visual Studio Solution File, Format Version 12.00
# Visual Studio Version 17
VisualStudioVersion = 17.4.33213.308
MinimumVisualStudioVersion = 10.0.40219.1
Project("{FAE04EC0-301F-11D3-BF4B-00C04F79EFBC}") = "SumNumbersUnlessZero", "SumNumbersUnlessZero\SumNumbersUnlessZero.csproj", "{50F69F69-71DA-486F-9571-609EA96DDD01}"
EndProject
Global
	GlobalSection(SolutionConfigurationPlatforms) = preSolution
		Debug|Any CPU = Debug|Any CPU
		Release|Any CPU = Release|Any CPU
	EndGlobalSection
	GlobalSection(ProjectConfigurationPlatforms) = postSolution
		{50F69F69-71DA-486F-9571-609EA96DDD01}.Debug|Any CPU.ActiveCfg = Debug|Any CPU
		{50F69F69-71DA-486F-9571-609EA96DDD01}.Debug|Any CPU.Build.0 = Debug|Any CPU
		{50F69F69-71DA-486F-9571-609EA96DDD01}.Release|Any CPU.ActiveCfg = Release|Any CPU
		{50F69F69-71DA-486F-9571-609EA96DDD01}.Release|Any CPU.Build.0 = Release|Any CPU
	EndGlobalSection
	GlobalSection(SolutionProperties) = preSolution
		HideSolutionNode = FALSE
	EndGlobalSection
	GlobalSection(ExtensibilityGlobals) = postSolution
		SolutionGuid = {643161FF-8862-47A5-BDCA-58EDFBB75C2D}
	EndGlobalSection
EndGlobal
