
Microsoft Visual Studio Solution File, Format Version 12.00
# Visual Studio Version 17
VisualStudioVersion = 17.4.33213.308
MinimumVisualStudioVersion = 10.0.40219.1
Project("{FAE04EC0-301F-11D3-BF4B-00C04F79EFBC}") = "SumOfEnteredNumbers", "SumOfEnteredNumbers\SumOfEnteredNumbers.csproj", "{FE1C4E4B-28FA-43D7-9BC4-2ABDDC52BA73}"
EndProject
Global
	GlobalSection(SolutionConfigurationPlatforms) = preSolution
		Debug|Any CPU = Debug|Any CPU
		Release|Any CPU = Release|Any CPU
	EndGlobalSection
	GlobalSection(ProjectConfigurationPlatforms) = postSolution
		{FE1C4E4B-28FA-43D7-9BC4-2ABDDC52BA73}.Debug|Any CPU.ActiveCfg = Debug|Any CPU
		{FE1C4E4B-28FA-43D7-9BC4-2ABDDC52BA73}.Debug|Any CPU.Build.0 = Debug|Any CPU
		{FE1C4E4B-28FA-43D7-9BC4-2ABDDC52BA73}.Release|Any CPU.ActiveCfg = Release|Any CPU
		{FE1C4E4B-28FA-43D7-9BC4-2ABDDC52BA73}.Release|Any CPU.Build.0 = Release|Any CPU
	EndGlobalSection
	GlobalSection(SolutionProperties) = preSolution
		HideSolutionNode = FALSE
	EndGlobalSection
	GlobalSection(ExtensibilityGlobals) = postSolution
		SolutionGuid = {7152D4B2-3743-48D2-9C97-98D5468382C8}
	EndGlobalSection
EndGlobal
